// !$*UTF8*$!
{
	archiveVersion = 1;
	classes = {
	};
	objectVersion = 50;
	objects = {

/* Begin PBXBuildFile section */
		92E703F521A0D4B1003DEE1F /* AppDelegate.swift in Sources */ = {isa = PBXBuildFile; fileRef = 92E703F421A0D4B1003DEE1F /* AppDelegate.swift */; };
		92E703F721A0D4B1003DEE1F /* ViewController.swift in Sources */ = {isa = PBXBuildFile; fileRef = 92E703F621A0D4B1003DEE1F /* ViewController.swift */; };
		92E703FA21A0D4B1003DEE1F /* Main.storyboard in Resources */ = {isa = PBXBuildFile; fileRef = 92E703F821A0D4B1003DEE1F /* Main.storyboard */; };
		92E703FC21A0D4B4003DEE1F /* Assets.xcassets in Resources */ = {isa = PBXBuildFile; fileRef = 92E703FB21A0D4B4003DEE1F /* Assets.xcassets */; };
		92E703FF21A0D4B4003DEE1F /* LaunchScreen.storyboard in Resources */ = {isa = PBXBuildFile; fileRef = 92E703FD21A0D4B4003DEE1F /* LaunchScreen.storyboard */; };
		92E7040A21A1CD41003DEE1F /* ContinentSelectionViewController.swift in Sources */ = {isa = PBXBuildFile; fileRef = 92E7040921A1CD41003DEE1F /* ContinentSelectionViewController.swift */; };
		92E7040C21A1CD5B003DEE1F /* SettingsViewController.swift in Sources */ = {isa = PBXBuildFile; fileRef = 92E7040B21A1CD5B003DEE1F /* SettingsViewController.swift */; };
		92E7040E21A1CD80003DEE1F /* PlayerStatsViewController.swift in Sources */ = {isa = PBXBuildFile; fileRef = 92E7040D21A1CD80003DEE1F /* PlayerStatsViewController.swift */; };
		92E7041421A1CDD9003DEE1F /* GamesStatisticsViewController.swift in Sources */ = {isa = PBXBuildFile; fileRef = 92E7041321A1CDD9003DEE1F /* GamesStatisticsViewController.swift */; };
		92E7041621A1CDFA003DEE1F /* ChangePlayerViewController.swift in Sources */ = {isa = PBXBuildFile; fileRef = 92E7041521A1CDFA003DEE1F /* ChangePlayerViewController.swift */; };
		92E7041821A1D27B003DEE1F /* DirectionsViewController.swift in Sources */ = {isa = PBXBuildFile; fileRef = 92E7041721A1D27B003DEE1F /* DirectionsViewController.swift */; };
		92E7041A21A1D293003DEE1F /* StoresNearMeViewController.swift in Sources */ = {isa = PBXBuildFile; fileRef = 92E7041921A1D293003DEE1F /* StoresNearMeViewController.swift */; };
		92E7041D21A1D794003DEE1F /* SpriteKit.framework in Frameworks */ = {isa = PBXBuildFile; fileRef = 92E7041C21A1D794003DEE1F /* SpriteKit.framework */; };
		92E7041F21A1D985003DEE1F /* GameViewController.swift in Sources */ = {isa = PBXBuildFile; fileRef = 92E7041E21A1D985003DEE1F /* GameViewController.swift */; };
		92E7042221A1DC47003DEE1F /* GameScene.swift in Sources */ = {isa = PBXBuildFile; fileRef = 92E7042121A1DC47003DEE1F /* GameScene.swift */; };
		92E7042621A1DEB4003DEE1F /* GameScene.sks in Resources */ = {isa = PBXBuildFile; fileRef = 92E7042521A1DEB4003DEE1F /* GameScene.sks */; };
		AEF5377921C06C0300E3C956 /* GIFSupport.swift in Sources */ = {isa = PBXBuildFile; fileRef = AEF5377721C06C0300E3C956 /* GIFSupport.swift */; };
		AEF5377A21C06C0300E3C956 /* Ownership Disclosure.txt in Resources */ = {isa = PBXBuildFile; fileRef = AEF5377821C06C0300E3C956 /* Ownership Disclosure.txt */; };
		AEF5377D21C06C0F00E3C956 /* whack.caf in Resources */ = {isa = PBXBuildFile; fileRef = AEF5377B21C06C0E00E3C956 /* whack.caf */; };
		AEF5377E21C06C0F00E3C956 /* whackBad.caf in Resources */ = {isa = PBXBuildFile; fileRef = AEF5377C21C06C0E00E3C956 /* whackBad.caf */; };
		AEF5378C21C06C1A00E3C956 /* whackBackground.png in Resources */ = {isa = PBXBuildFile; fileRef = AEF5378021C06C1A00E3C956 /* whackBackground.png */; };
		AEF5379121C06C1A00E3C956 /* penguinGood.png in Resources */ = {isa = PBXBuildFile; fileRef = AEF5378521C06C1A00E3C956 /* penguinGood.png */; };
		AEF5379221C06C1A00E3C956 /* penguinEvil.png in Resources */ = {isa = PBXBuildFile; fileRef = AEF5378621C06C1A00E3C956 /* penguinEvil.png */; };
		AEF5379321C06C1A00E3C956 /* whackHole.png in Resources */ = {isa = PBXBuildFile; fileRef = AEF5378721C06C1A00E3C956 /* whackHole.png */; };
		AEF5379421C06C1A00E3C956 /* gameOver.png in Resources */ = {isa = PBXBuildFile; fileRef = AEF5378821C06C1A00E3C956 /* gameOver.png */; };
		AEF5379521C06C1A00E3C956 /* whackMask.png in Resources */ = {isa = PBXBuildFile; fileRef = AEF5378921C06C1A00E3C956 /* whackMask.png */; };
		AEF5379921C06FB100E3C956 /* Chalkduster.ttf in Resources */ = {isa = PBXBuildFile; fileRef = AEF5379821C06FB100E3C956 /* Chalkduster.ttf */; };
		AEF5379B21C06FEC00E3C956 /* WhackSlot.swift in Sources */ = {isa = PBXBuildFile; fileRef = AEF5379A21C06FEC00E3C956 /* WhackSlot.swift */; };
/* End PBXBuildFile section */

/* Begin PBXFileReference section */
		92E703F121A0D4B1003DEE1F /* WorldofWhackyAnimals.app */ = {isa = PBXFileReference; explicitFileType = wrapper.application; includeInIndex = 0; path = WorldofWhackyAnimals.app; sourceTree = BUILT_PRODUCTS_DIR; };
		92E703F421A0D4B1003DEE1F /* AppDelegate.swift */ = {isa = PBXFileReference; lastKnownFileType = sourcecode.swift; path = AppDelegate.swift; sourceTree = "<group>"; };
		92E703F621A0D4B1003DEE1F /* ViewController.swift */ = {isa = PBXFileReference; lastKnownFileType = sourcecode.swift; path = ViewController.swift; sourceTree = "<group>"; };
		92E703F921A0D4B1003DEE1F /* Base */ = {isa = PBXFileReference; lastKnownFileType = file.storyboard; name = Base; path = Base.lproj/Main.storyboard; sourceTree = "<group>"; };
		92E703FB21A0D4B4003DEE1F /* Assets.xcassets */ = {isa = PBXFileReference; lastKnownFileType = folder.assetcatalog; path = Assets.xcassets; sourceTree = "<group>"; };
		92E703FE21A0D4B4003DEE1F /* Base */ = {isa = PBXFileReference; lastKnownFileType = file.storyboard; name = Base; path = Base.lproj/LaunchScreen.storyboard; sourceTree = "<group>"; };
		92E7040021A0D4B4003DEE1F /* Info.plist */ = {isa = PBXFileReference; lastKnownFileType = text.plist.xml; path = Info.plist; sourceTree = "<group>"; };
		92E7040921A1CD41003DEE1F /* ContinentSelectionViewController.swift */ = {isa = PBXFileReference; lastKnownFileType = sourcecode.swift; path = ContinentSelectionViewController.swift; sourceTree = "<group>"; };
		92E7040B21A1CD5B003DEE1F /* SettingsViewController.swift */ = {isa = PBXFileReference; lastKnownFileType = sourcecode.swift; path = SettingsViewController.swift; sourceTree = "<group>"; };
		92E7040D21A1CD80003DEE1F /* PlayerStatsViewController.swift */ = {isa = PBXFileReference; lastKnownFileType = sourcecode.swift; path = PlayerStatsViewController.swift; sourceTree = "<group>"; };
		92E7041321A1CDD9003DEE1F /* GamesStatisticsViewController.swift */ = {isa = PBXFileReference; lastKnownFileType = sourcecode.swift; path = GamesStatisticsViewController.swift; sourceTree = "<group>"; };
		92E7041521A1CDFA003DEE1F /* ChangePlayerViewController.swift */ = {isa = PBXFileReference; lastKnownFileType = sourcecode.swift; path = ChangePlayerViewController.swift; sourceTree = "<group>"; };
		92E7041721A1D27B003DEE1F /* DirectionsViewController.swift */ = {isa = PBXFileReference; lastKnownFileType = sourcecode.swift; path = DirectionsViewController.swift; sourceTree = "<group>"; };
		92E7041921A1D293003DEE1F /* StoresNearMeViewController.swift */ = {isa = PBXFileReference; lastKnownFileType = sourcecode.swift; path = StoresNearMeViewController.swift; sourceTree = "<group>"; };
		92E7041C21A1D794003DEE1F /* SpriteKit.framework */ = {isa = PBXFileReference; lastKnownFileType = wrapper.framework; name = SpriteKit.framework; path = System/Library/Frameworks/SpriteKit.framework; sourceTree = SDKROOT; };
		92E7041E21A1D985003DEE1F /* GameViewController.swift */ = {isa = PBXFileReference; lastKnownFileType = sourcecode.swift; path = GameViewController.swift; sourceTree = "<group>"; };
		92E7042121A1DC47003DEE1F /* GameScene.swift */ = {isa = PBXFileReference; lastKnownFileType = sourcecode.swift; path = GameScene.swift; sourceTree = "<group>"; };
		92E7042521A1DEB4003DEE1F /* GameScene.sks */ = {isa = PBXFileReference; lastKnownFileType = file.sks; path = GameScene.sks; sourceTree = "<group>"; };
		AEF5377721C06C0300E3C956 /* GIFSupport.swift */ = {isa = PBXFileReference; fileEncoding = 4; lastKnownFileType = sourcecode.swift; path = GIFSupport.swift; sourceTree = "<group>"; };
		AEF5377821C06C0300E3C956 /* Ownership Disclosure.txt */ = {isa = PBXFileReference; fileEncoding = 4; lastKnownFileType = text; path = "Ownership Disclosure.txt"; sourceTree = "<group>"; };
		AEF5377B21C06C0E00E3C956 /* whack.caf */ = {isa = PBXFileReference; lastKnownFileType = file; path = whack.caf; sourceTree = "<group>"; };
		AEF5377C21C06C0E00E3C956 /* whackBad.caf */ = {isa = PBXFileReference; lastKnownFileType = file; path = whackBad.caf; sourceTree = "<group>"; };
		AEF5378021C06C1A00E3C956 /* whackBackground.png */ = {isa = PBXFileReference; lastKnownFileType = image.png; path = whackBackground.png; sourceTree = "<group>"; };
		AEF5378521C06C1A00E3C956 /* penguinGood.png */ = {isa = PBXFileReference; lastKnownFileType = image.png; path = penguinGood.png; sourceTree = "<group>"; };
		AEF5378621C06C1A00E3C956 /* penguinEvil.png */ = {isa = PBXFileReference; lastKnownFileType = image.png; path = penguinEvil.png; sourceTree = "<group>"; };
		AEF5378721C06C1A00E3C956 /* whackHole.png */ = {isa = PBXFileReference; lastKnownFileType = image.png; path = whackHole.png; sourceTree = "<group>"; };
		AEF5378821C06C1A00E3C956 /* gameOver.png */ = {isa = PBXFileReference; lastKnownFileType = image.png; path = gameOver.png; sourceTree = "<group>"; };
		AEF5378921C06C1A00E3C956 /* whackMask.png */ = {isa = PBXFileReference; lastKnownFileType = image.png; path = whackMask.png; sourceTree = "<group>"; };
		AEF5379821C06FB100E3C956 /* Chalkduster.ttf */ = {isa = PBXFileReference; lastKnownFileType = file; path = Chalkduster.ttf; sourceTree = "<group>"; };
		AEF5379A21C06FEC00E3C956 /* WhackSlot.swift */ = {isa = PBXFileReference; lastKnownFileType = sourcecode.swift; path = WhackSlot.swift; sourceTree = "<group>"; };
/* End PBXFileReference section */

/* Begin PBXFrameworksBuildPhase section */
		92E703EE21A0D4B1003DEE1F /* Frameworks */ = {
			isa = PBXFrameworksBuildPhase;
			buildActionMask = 2147483647;
			files = (
				92E7041D21A1D794003DEE1F /* SpriteKit.framework in Frameworks */,
			);
			runOnlyForDeploymentPostprocessing = 0;
		};
/* End PBXFrameworksBuildPhase section */

/* Begin PBXGroup section */
		92E703E821A0D4B1003DEE1F = {
			isa = PBXGroup;
			children = (
				92E703F321A0D4B1003DEE1F /* WorldofWhackyAnimals */,
				92E703F221A0D4B1003DEE1F /* Products */,
				92E7041B21A1D794003DEE1F /* Frameworks */,
			);
			sourceTree = "<group>";
		};
		92E703F221A0D4B1003DEE1F /* Products */ = {
			isa = PBXGroup;
			children = (
				92E703F121A0D4B1003DEE1F /* WorldofWhackyAnimals.app */,
			);
			name = Products;
			sourceTree = "<group>";
		};
		92E703F321A0D4B1003DEE1F /* WorldofWhackyAnimals */ = {
			isa = PBXGroup;
			children = (
				AEF5379721C06F9E00E3C956 /* Fonts */,
				AEF5377621C06B1400E3C956 /* Support Classes */,
				AEF5377521C0650D00E3C956 /* Audio */,
				AEF5377421C0646B00E3C956 /* Images */,
				92E7042021A1DB62003DEE1F /* Scenes */,
				92E7040821A1C5B1003DEE1F /* View Controllers */,
				92E7040721A1C5A2003DEE1F /* Special Classes */,
				92E7040621A1C591003DEE1F /* Storyboards */,
				92E703FB21A0D4B4003DEE1F /* Assets.xcassets */,
				92E7040021A0D4B4003DEE1F /* Info.plist */,
			);
			path = WorldofWhackyAnimals;
			sourceTree = "<group>";
		};
		92E7040621A1C591003DEE1F /* Storyboards */ = {
			isa = PBXGroup;
			children = (
				92E703FD21A0D4B4003DEE1F /* LaunchScreen.storyboard */,
				92E703F821A0D4B1003DEE1F /* Main.storyboard */,
			);
			path = Storyboards;
			sourceTree = "<group>";
		};
		92E7040721A1C5A2003DEE1F /* Special Classes */ = {
			isa = PBXGroup;
			children = (
				92E703F421A0D4B1003DEE1F /* AppDelegate.swift */,
			);
			path = "Special Classes";
			sourceTree = "<group>";
		};
		92E7040821A1C5B1003DEE1F /* View Controllers */ = {
			isa = PBXGroup;
			children = (
				92E703F621A0D4B1003DEE1F /* ViewController.swift */,
				92E7040921A1CD41003DEE1F /* ContinentSelectionViewController.swift */,
				92E7040D21A1CD80003DEE1F /* PlayerStatsViewController.swift */,
				92E7040B21A1CD5B003DEE1F /* SettingsViewController.swift */,
				92E7041921A1D293003DEE1F /* StoresNearMeViewController.swift */,
				92E7041721A1D27B003DEE1F /* DirectionsViewController.swift */,
				92E7041321A1CDD9003DEE1F /* GamesStatisticsViewController.swift */,
				92E7041521A1CDFA003DEE1F /* ChangePlayerViewController.swift */,
				92E7041E21A1D985003DEE1F /* GameViewController.swift */,
			);
			path = "View Controllers";
			sourceTree = "<group>";
		};
		92E7041B21A1D794003DEE1F /* Frameworks */ = {
			isa = PBXGroup;
			children = (
				92E7041C21A1D794003DEE1F /* SpriteKit.framework */,
			);
			name = Frameworks;
			sourceTree = "<group>";
		};
		92E7042021A1DB62003DEE1F /* Scenes */ = {
			isa = PBXGroup;
			children = (
				92E7042121A1DC47003DEE1F /* GameScene.swift */,
				92E7042521A1DEB4003DEE1F /* GameScene.sks */,
				AEF5379A21C06FEC00E3C956 /* WhackSlot.swift */,
			);
			path = Scenes;
			sourceTree = "<group>";
		};
		AEF5377421C0646B00E3C956 /* Images */ = {
			isa = PBXGroup;
			children = (
				AEF5378821C06C1A00E3C956 /* gameOver.png */,
				AEF5378621C06C1A00E3C956 /* penguinEvil.png */,
				AEF5378521C06C1A00E3C956 /* penguinGood.png */,
				AEF5378021C06C1A00E3C956 /* whackBackground.png */,
				AEF5378721C06C1A00E3C956 /* whackHole.png */,
				AEF5378921C06C1A00E3C956 /* whackMask.png */,
			);
			path = Images;
			sourceTree = "<group>";
		};
		AEF5377521C0650D00E3C956 /* Audio */ = {
			isa = PBXGroup;
			children = (
				AEF5377B21C06C0E00E3C956 /* whack.caf */,
				AEF5377C21C06C0E00E3C956 /* whackBad.caf */,
			);
			path = Audio;
			sourceTree = "<group>";
		};
		AEF5377621C06B1400E3C956 /* Support Classes */ = {
			isa = PBXGroup;
			children = (
				AEF5377721C06C0300E3C956 /* GIFSupport.swift */,
				AEF5377821C06C0300E3C956 /* Ownership Disclosure.txt */,
			);
			path = "Support Classes";
			sourceTree = "<group>";
		};
		AEF5379721C06F9E00E3C956 /* Fonts */ = {
			isa = PBXGroup;
			children = (
				AEF5379821C06FB100E3C956 /* Chalkduster.ttf */,
			);
			path = Fonts;
			sourceTree = "<group>";
		};
/* End PBXGroup section */

/* Begin PBXNativeTarget section */
		92E703F021A0D4B1003DEE1F /* WorldofWhackyAnimals */ = {
			isa = PBXNativeTarget;
			buildConfigurationList = 92E7040321A0D4B4003DEE1F /* Build configuration list for PBXNativeTarget "WorldofWhackyAnimals" */;
			buildPhases = (
				92E703ED21A0D4B1003DEE1F /* Sources */,
				92E703EE21A0D4B1003DEE1F /* Frameworks */,
				92E703EF21A0D4B1003DEE1F /* Resources */,
			);
			buildRules = (
			);
			dependencies = (
			);
			name = WorldofWhackyAnimals;
			productName = WorldofWhackyAnimals;
			productReference = 92E703F121A0D4B1003DEE1F /* WorldofWhackyAnimals.app */;
			productType = "com.apple.product-type.application";
		};
/* End PBXNativeTarget section */

/* Begin PBXProject section */
		92E703E921A0D4B1003DEE1F /* Project object */ = {
			isa = PBXProject;
			attributes = {
				LastSwiftUpdateCheck = 1010;
				LastUpgradeCheck = 1010;
				ORGANIZATIONNAME = AnthonyRella;
				TargetAttributes = {
					92E703F021A0D4B1003DEE1F = {
						CreatedOnToolsVersion = 10.1;
					};
				};
			};
			buildConfigurationList = 92E703EC21A0D4B1003DEE1F /* Build configuration list for PBXProject "WorldofWhackyAnimals" */;
			compatibilityVersion = "Xcode 9.3";
			developmentRegion = en;
			hasScannedForEncodings = 0;
			knownRegions = (
				en,
				Base,
			);
			mainGroup = 92E703E821A0D4B1003DEE1F;
			productRefGroup = 92E703F221A0D4B1003DEE1F /* Products */;
			projectDirPath = "";
			projectRoot = "";
			targets = (
				92E703F021A0D4B1003DEE1F /* WorldofWhackyAnimals */,
			);
		};
/* End PBXProject section */

/* Begin PBXResourcesBuildPhase section */
		92E703EF21A0D4B1003DEE1F /* Resources */ = {
			isa = PBXResourcesBuildPhase;
			buildActionMask = 2147483647;
			files = (
				92E7042621A1DEB4003DEE1F /* GameScene.sks in Resources */,
				AEF5379521C06C1A00E3C956 /* whackMask.png in Resources */,
				AEF5377E21C06C0F00E3C956 /* whackBad.caf in Resources */,
				AEF5379321C06C1A00E3C956 /* whackHole.png in Resources */,
				92E703FF21A0D4B4003DEE1F /* LaunchScreen.storyboard in Resources */,
				AEF5377D21C06C0F00E3C956 /* whack.caf in Resources */,
				AEF5377A21C06C0300E3C956 /* Ownership Disclosure.txt in Resources */,
				AEF5379221C06C1A00E3C956 /* penguinEvil.png in Resources */,
				92E703FC21A0D4B4003DEE1F /* Assets.xcassets in Resources */,
				92E703FA21A0D4B1003DEE1F /* Main.storyboard in Resources */,
				AEF5379121C06C1A00E3C956 /* penguinGood.png in Resources */,
				AEF5378C21C06C1A00E3C956 /* whackBackground.png in Resources */,
				AEF5379921C06FB100E3C956 /* Chalkduster.ttf in Resources */,
				AEF5379421C06C1A00E3C956 /* gameOver.png in Resources */,
			);
			runOnlyForDeploymentPostprocessing = 0;
		};
/* End PBXResourcesBuildPhase section */

/* Begin PBXSourcesBuildPhase section */
		92E703ED21A0D4B1003DEE1F /* Sources */ = {
			isa = PBXSourcesBuildPhase;
			buildActionMask = 2147483647;
			files = (
				92E7041F21A1D985003DEE1F /* GameViewController.swift in Sources */,
				92E7040A21A1CD41003DEE1F /* ContinentSelectionViewController.swift in Sources */,
				AEF5377921C06C0300E3C956 /* GIFSupport.swift in Sources */,
				92E7040E21A1CD80003DEE1F /* PlayerStatsViewController.swift in Sources */,
				92E703F721A0D4B1003DEE1F /* ViewController.swift in Sources */,
				92E7041421A1CDD9003DEE1F /* GamesStatisticsViewController.swift in Sources */,
				92E7042221A1DC47003DEE1F /* GameScene.swift in Sources */,
				92E703F521A0D4B1003DEE1F /* AppDelegate.swift in Sources */,
				92E7041621A1CDFA003DEE1F /* ChangePlayerViewController.swift in Sources */,
				92E7041821A1D27B003DEE1F /* DirectionsViewController.swift in Sources */,
				92E7040C21A1CD5B003DEE1F /* SettingsViewController.swift in Sources */,
				AEF5379B21C06FEC00E3C956 /* WhackSlot.swift in Sources */,
				92E7041A21A1D293003DEE1F /* StoresNearMeViewController.swift in Sources */,
			);
			runOnlyForDeploymentPostprocessing = 0;
		};
/* End PBXSourcesBuildPhase section */

/* Begin PBXVariantGroup section */
		92E703F821A0D4B1003DEE1F /* Main.storyboard */ = {
			isa = PBXVariantGroup;
			children = (
				92E703F921A0D4B1003DEE1F /* Base */,
			);
			name = Main.storyboard;
			sourceTree = "<group>";
		};
		92E703FD21A0D4B4003DEE1F /* LaunchScreen.storyboard */ = {
			isa = PBXVariantGroup;
			children = (
				92E703FE21A0D4B4003DEE1F /* Base */,
			);
			name = LaunchScreen.storyboard;
			sourceTree = "<group>";
		};
/* End PBXVariantGroup section */

/* Begin XCBuildConfiguration section */
		92E7040121A0D4B4003DEE1F /* Debug */ = {
			isa = XCBuildConfiguration;
			buildSettings = {
				ALWAYS_SEARCH_USER_PATHS = NO;
				CLANG_ANALYZER_NONNULL = YES;
				CLANG_ANALYZER_NUMBER_OBJECT_CONVERSION = YES_AGGRESSIVE;
				CLANG_CXX_LANGUAGE_STANDARD = "gnu++14";
				CLANG_CXX_LIBRARY = "libc++";
				CLANG_ENABLE_MODULES = YES;
				CLANG_ENABLE_OBJC_ARC = YES;
				CLANG_ENABLE_OBJC_WEAK = YES;
				CLANG_WARN_BLOCK_CAPTURE_AUTORELEASING = YES;
				CLANG_WARN_BOOL_CONVERSION = YES;
				CLANG_WARN_COMMA = YES;
				CLANG_WARN_CONSTANT_CONVERSION = YES;
				CLANG_WARN_DEPRECATED_OBJC_IMPLEMENTATIONS = YES;
				CLANG_WARN_DIRECT_OBJC_ISA_USAGE = YES_ERROR;
				CLANG_WARN_DOCUMENTATION_COMMENTS = YES;
				CLANG_WARN_EMPTY_BODY = YES;
				CLANG_WARN_ENUM_CONVERSION = YES;
				CLANG_WARN_INFINITE_RECURSION = YES;
				CLANG_WARN_INT_CONVERSION = YES;
				CLANG_WARN_NON_LITERAL_NULL_CONVERSION = YES;
				CLANG_WARN_OBJC_IMPLICIT_RETAIN_SELF = YES;
				CLANG_WARN_OBJC_LITERAL_CONVERSION = YES;
				CLANG_WARN_OBJC_ROOT_CLASS = YES_ERROR;
				CLANG_WARN_RANGE_LOOP_ANALYSIS = YES;
				CLANG_WARN_STRICT_PROTOTYPES = YES;
				CLANG_WARN_SUSPICIOUS_MOVE = YES;
				CLANG_WARN_UNGUARDED_AVAILABILITY = YES_AGGRESSIVE;
				CLANG_WARN_UNREACHABLE_CODE = YES;
				CLANG_WARN__DUPLICATE_METHOD_MATCH = YES;
				CODE_SIGN_IDENTITY = "iPhone Developer";
				COPY_PHASE_STRIP = NO;
				DEBUG_INFORMATION_FORMAT = dwarf;
				ENABLE_STRICT_OBJC_MSGSEND = YES;
				ENABLE_TESTABILITY = YES;
				GCC_C_LANGUAGE_STANDARD = gnu11;
				GCC_DYNAMIC_NO_PIC = NO;
				GCC_NO_COMMON_BLOCKS = YES;
				GCC_OPTIMIZATION_LEVEL = 0;
				GCC_PREPROCESSOR_DEFINITIONS = (
					"DEBUG=1",
					"$(inherited)",
				);
				GCC_WARN_64_TO_32_BIT_CONVERSION = YES;
				GCC_WARN_ABOUT_RETURN_TYPE = YES_ERROR;
				GCC_WARN_UNDECLARED_SELECTOR = YES;
				GCC_WARN_UNINITIALIZED_AUTOS = YES_AGGRESSIVE;
				GCC_WARN_UNUSED_FUNCTION = YES;
				GCC_WARN_UNUSED_VARIABLE = YES;
				IPHONEOS_DEPLOYMENT_TARGET = 11.4;
				MTL_ENABLE_DEBUG_INFO = INCLUDE_SOURCE;
				MTL_FAST_MATH = YES;
				ONLY_ACTIVE_ARCH = YES;
				SDKROOT = iphoneos;
				SWIFT_ACTIVE_COMPILATION_CONDITIONS = DEBUG;
				SWIFT_OPTIMIZATION_LEVEL = "-Onone";
			};
			name = Debug;
		};
		92E7040221A0D4B4003DEE1F /* Release */ = {
			isa = XCBuildConfiguration;
			buildSettings = {
				ALWAYS_SEARCH_USER_PATHS = NO;
				CLANG_ANALYZER_NONNULL = YES;
				CLANG_ANALYZER_NUMBER_OBJECT_CONVERSION = YES_AGGRESSIVE;
				CLANG_CXX_LANGUAGE_STANDARD = "gnu++14";
				CLANG_CXX_LIBRARY = "libc++";
				CLANG_ENABLE_MODULES = YES;
				CLANG_ENABLE_OBJC_ARC = YES;
				CLANG_ENABLE_OBJC_WEAK = YES;
				CLANG_WARN_BLOCK_CAPTURE_AUTORELEASING = YES;
				CLANG_WARN_BOOL_CONVERSION = YES;
				CLANG_WARN_COMMA = YES;
				CLANG_WARN_CONSTANT_CONVERSION = YES;
				CLANG_WARN_DEPRECATED_OBJC_IMPLEMENTATIONS = YES;
				CLANG_WARN_DIRECT_OBJC_ISA_USAGE = YES_ERROR;
				CLANG_WARN_DOCUMENTATION_COMMENTS = YES;
				CLANG_WARN_EMPTY_BODY = YES;
				CLANG_WARN_ENUM_CONVERSION = YES;
				CLANG_WARN_INFINITE_RECURSION = YES;
				CLANG_WARN_INT_CONVERSION = YES;
				CLANG_WARN_NON_LITERAL_NULL_CONVERSION = YES;
				CLANG_WARN_OBJC_IMPLICIT_RETAIN_SELF = YES;
				CLANG_WARN_OBJC_LITERAL_CONVERSION = YES;
				CLANG_WARN_OBJC_ROOT_CLASS = YES_ERROR;
				CLANG_WARN_RANGE_LOOP_ANALYSIS = YES;
				CLANG_WARN_STRICT_PROTOTYPES = YES;
				CLANG_WARN_SUSPICIOUS_MOVE = YES;
				CLANG_WARN_UNGUARDED_AVAILABILITY = YES_AGGRESSIVE;
				CLANG_WARN_UNREACHABLE_CODE = YES;
				CLANG_WARN__DUPLICATE_METHOD_MATCH = YES;
				CODE_SIGN_IDENTITY = "iPhone Developer";
				COPY_PHASE_STRIP = NO;
				DEBUG_INFORMATION_FORMAT = "dwarf-with-dsym";
				ENABLE_NS_ASSERTIONS = NO;
				ENABLE_STRICT_OBJC_MSGSEND = YES;
				GCC_C_LANGUAGE_STANDARD = gnu11;
				GCC_NO_COMMON_BLOCKS = YES;
				GCC_WARN_64_TO_32_BIT_CONVERSION = YES;
				GCC_WARN_ABOUT_RETURN_TYPE = YES_ERROR;
				GCC_WARN_UNDECLARED_SELECTOR = YES;
				GCC_WARN_UNINITIALIZED_AUTOS = YES_AGGRESSIVE;
				GCC_WARN_UNUSED_FUNCTION = YES;
				GCC_WARN_UNUSED_VARIABLE = YES;
				IPHONEOS_DEPLOYMENT_TARGET = 11.4;
				MTL_ENABLE_DEBUG_INFO = NO;
				MTL_FAST_MATH = YES;
				SDKROOT = iphoneos;
				SWIFT_COMPILATION_MODE = wholemodule;
				SWIFT_OPTIMIZATION_LEVEL = "-O";
				VALIDATE_PRODUCT = YES;
			};
			name = Release;
		};
		92E7040421A0D4B4003DEE1F /* Debug */ = {
			isa = XCBuildConfiguration;
			buildSettings = {
				ASSETCATALOG_COMPILER_APPICON_NAME = AppIcon;
				CODE_SIGN_STYLE = Automatic;
				INFOPLIST_FILE = WorldofWhackyAnimals/Info.plist;
				LD_RUNPATH_SEARCH_PATHS = (
					"$(inherited)",
					"@executable_path/Frameworks",
				);
				PRODUCT_BUNDLE_IDENTIFIER = RADS.WorldofWhackyAnimals;
				PRODUCT_NAME = "$(TARGET_NAME)";
				SWIFT_VERSION = 4.2;
				TARGETED_DEVICE_FAMILY = "1,2";
			};
			name = Debug;
		};
		92E7040521A0D4B4003DEE1F /* Release */ = {
			isa = XCBuildConfiguration;
			buildSettings = {
				ASSETCATALOG_COMPILER_APPICON_NAME = AppIcon;
				CODE_SIGN_STYLE = Automatic;
				INFOPLIST_FILE = WorldofWhackyAnimals/Info.plist;
				LD_RUNPATH_SEARCH_PATHS = (
					"$(inherited)",
					"@executable_path/Frameworks",
				);
				PRODUCT_BUNDLE_IDENTIFIER = RADS.WorldofWhackyAnimals;
				PRODUCT_NAME = "$(TARGET_NAME)";
				SWIFT_VERSION = 4.2;
				TARGETED_DEVICE_FAMILY = "1,2";
			};
			name = Release;
		};
/* End XCBuildConfiguration section */

/* Begin XCConfigurationList section */
		92E703EC21A0D4B1003DEE1F /* Build configuration list for PBXProject "WorldofWhackyAnimals" */ = {
			isa = XCConfigurationList;
			buildConfigurations = (
				92E7040121A0D4B4003DEE1F /* Debug */,
				92E7040221A0D4B4003DEE1F /* Release */,
			);
			defaultConfigurationIsVisible = 0;
			defaultConfigurationName = Release;
		};
		92E7040321A0D4B4003DEE1F /* Build configuration list for PBXNativeTarget "WorldofWhackyAnimals" */ = {
			isa = XCConfigurationList;
			buildConfigurations = (
				92E7040421A0D4B4003DEE1F /* Debug */,
				92E7040521A0D4B4003DEE1F /* Release */,
			);
			defaultConfigurationIsVisible = 0;
			defaultConfigurationName = Release;
		};
/* End XCConfigurationList section */
	};
	rootObject = 92E703E921A0D4B1003DEE1F /* Project object */;
}
