// !$*UTF8*$!
{
	archiveVersion = 1;
	classes = {
	};
	objectVersion = 50;
	objects = {

/* Begin PBXBuildFile section */
		9284BCC221C3670700CAE1B5 /* WelcomeViewController.swift in Sources */ = {isa = PBXBuildFile; fileRef = 9284BCC121C3670700CAE1B5 /* WelcomeViewController.swift */; };
		9284BCC421C36A3700CAE1B5 /* GetUserData.swift in Sources */ = {isa = PBXBuildFile; fileRef = 9284BCC321C36A3700CAE1B5 /* GetUserData.swift */; };
		9284BCC721C36A5D00CAE1B5 /* UserTableViewCell.swift in Sources */ = {isa = PBXBuildFile; fileRef = 9284BCC521C36A5D00CAE1B5 /* UserTableViewCell.swift */; };
		9284BCC821C36A5D00CAE1B5 /* InsertNewUser.swift in Sources */ = {isa = PBXBuildFile; fileRef = 9284BCC621C36A5D00CAE1B5 /* InsertNewUser.swift */; };
		9284BCF721C3EFFE00CAE1B5 /* WhackSlot.swift in Sources */ = {isa = PBXBuildFile; fileRef = 9284BCF621C3EFFE00CAE1B5 /* WhackSlot.swift */; };
		9284BCFA21C3F03F00CAE1B5 /* whack.caf in Resources */ = {isa = PBXBuildFile; fileRef = 9284BCF921C3F03F00CAE1B5 /* whack.caf */; };
		92E703F521A0D4B1003DEE1F /* AppDelegate.swift in Sources */ = {isa = PBXBuildFile; fileRef = 92E703F421A0D4B1003DEE1F /* AppDelegate.swift */; };
		92E703F721A0D4B1003DEE1F /* ViewController.swift in Sources */ = {isa = PBXBuildFile; fileRef = 92E703F621A0D4B1003DEE1F /* ViewController.swift */; };
		92E703FA21A0D4B1003DEE1F /* Main.storyboard in Resources */ = {isa = PBXBuildFile; fileRef = 92E703F821A0D4B1003DEE1F /* Main.storyboard */; };
		92E703FC21A0D4B4003DEE1F /* Assets.xcassets in Resources */ = {isa = PBXBuildFile; fileRef = 92E703FB21A0D4B4003DEE1F /* Assets.xcassets */; };
		92E703FF21A0D4B4003DEE1F /* LaunchScreen.storyboard in Resources */ = {isa = PBXBuildFile; fileRef = 92E703FD21A0D4B4003DEE1F /* LaunchScreen.storyboard */; };
		92E7040A21A1CD41003DEE1F /* ContinentSelectionViewController.swift in Sources */ = {isa = PBXBuildFile; fileRef = 92E7040921A1CD41003DEE1F /* ContinentSelectionViewController.swift */; };
		92E7040C21A1CD5B003DEE1F /* SettingsViewController.swift in Sources */ = {isa = PBXBuildFile; fileRef = 92E7040B21A1CD5B003DEE1F /* SettingsViewController.swift */; };
		92E7040E21A1CD80003DEE1F /* PlayerStatsViewController.swift in Sources */ = {isa = PBXBuildFile; fileRef = 92E7040D21A1CD80003DEE1F /* PlayerStatsViewController.swift */; };
		92E7041421A1CDD9003DEE1F /* GamesStatisticsViewController.swift in Sources */ = {isa = PBXBuildFile; fileRef = 92E7041321A1CDD9003DEE1F /* GamesStatisticsViewController.swift */; };
		92E7041621A1CDFA003DEE1F /* ChangePlayerViewController.swift in Sources */ = {isa = PBXBuildFile; fileRef = 92E7041521A1CDFA003DEE1F /* ChangePlayerViewController.swift */; };
		92E7041821A1D27B003DEE1F /* DirectionsViewController.swift in Sources */ = {isa = PBXBuildFile; fileRef = 92E7041721A1D27B003DEE1F /* DirectionsViewController.swift */; };
		92E7041A21A1D293003DEE1F /* StoresNearMeViewController.swift in Sources */ = {isa = PBXBuildFile; fileRef = 92E7041921A1D293003DEE1F /* StoresNearMeViewController.swift */; };
		92E7041D21A1D794003DEE1F /* SpriteKit.framework in Frameworks */ = {isa = PBXBuildFile; fileRef = 92E7041C21A1D794003DEE1F /* SpriteKit.framework */; };
		92E7041F21A1D985003DEE1F /* GameViewController.swift in Sources */ = {isa = PBXBuildFile; fileRef = 92E7041E21A1D985003DEE1F /* GameViewController.swift */; };
		92E7042221A1DC47003DEE1F /* GameScene.swift in Sources */ = {isa = PBXBuildFile; fileRef = 92E7042121A1DC47003DEE1F /* GameScene.swift */; };
		92E7042621A1DEB4003DEE1F /* GameScene.sks in Resources */ = {isa = PBXBuildFile; fileRef = 92E7042521A1DEB4003DEE1F /* GameScene.sks */; };
		92E7042821A1DEC8003DEE1F /* Action.sks in Resources */ = {isa = PBXBuildFile; fileRef = 92E7042721A1DEC8003DEE1F /* Action.sks */; };
		92E7042B21A21336003DEE1F /* CoreLocation.framework in Frameworks */ = {isa = PBXBuildFile; fileRef = 92E7042A21A21336003DEE1F /* CoreLocation.framework */; };
		92E7042D21A2133E003DEE1F /* MapKit.framework in Frameworks */ = {isa = PBXBuildFile; fileRef = 92E7042C21A2133E003DEE1F /* MapKit.framework */; };
		92E7053621C2F430003DEE1F /* TopTenPlayerStatTableViewCell.swift in Sources */ = {isa = PBXBuildFile; fileRef = 92E7053521C2F430003DEE1F /* TopTenPlayerStatTableViewCell.swift */; };
		92E7053821C2F4B5003DEE1F /* getData.swift in Sources */ = {isa = PBXBuildFile; fileRef = 92E7053721C2F4B5003DEE1F /* getData.swift */; };
		92ECF66521C362D5008207B5 /* Interface.storyboard in Resources */ = {isa = PBXBuildFile; fileRef = 92ECF66321C362D5008207B5 /* Interface.storyboard */; };
		92ECF66721C362D8008207B5 /* Assets.xcassets in Resources */ = {isa = PBXBuildFile; fileRef = 92ECF66621C362D8008207B5 /* Assets.xcassets */; };
		92ECF66E21C362D8008207B5 /* WoWAWatchApp Extension.appex in Embed App Extensions */ = {isa = PBXBuildFile; fileRef = 92ECF66D21C362D8008207B5 /* WoWAWatchApp Extension.appex */; settings = {ATTRIBUTES = (RemoveHeadersOnCopy, ); }; };
		92ECF67321C362D8008207B5 /* InterfaceController.swift in Sources */ = {isa = PBXBuildFile; fileRef = 92ECF67221C362D8008207B5 /* InterfaceController.swift */; };
		92ECF67521C362D8008207B5 /* ExtensionDelegate.swift in Sources */ = {isa = PBXBuildFile; fileRef = 92ECF67421C362D8008207B5 /* ExtensionDelegate.swift */; };
		92ECF67721C362D8008207B5 /* NotificationController.swift in Sources */ = {isa = PBXBuildFile; fileRef = 92ECF67621C362D8008207B5 /* NotificationController.swift */; };
		92ECF67921C362D9008207B5 /* Assets.xcassets in Resources */ = {isa = PBXBuildFile; fileRef = 92ECF67821C362D9008207B5 /* Assets.xcassets */; };
		92ECF67E21C362D9008207B5 /* WoWAWatchApp.app in Embed Watch Content */ = {isa = PBXBuildFile; fileRef = 92ECF66121C362D5008207B5 /* WoWAWatchApp.app */; };
/* End PBXBuildFile section */

/* Begin PBXContainerItemProxy section */
		92ECF66F21C362D8008207B5 /* PBXContainerItemProxy */ = {
			isa = PBXContainerItemProxy;
			containerPortal = 92E703E921A0D4B1003DEE1F /* Project object */;
			proxyType = 1;
			remoteGlobalIDString = 92ECF66C21C362D8008207B5;
			remoteInfo = "WoWAWatchApp Extension";
		};
		92ECF67C21C362D9008207B5 /* PBXContainerItemProxy */ = {
			isa = PBXContainerItemProxy;
			containerPortal = 92E703E921A0D4B1003DEE1F /* Project object */;
			proxyType = 1;
			remoteGlobalIDString = 92ECF66021C362D5008207B5;
			remoteInfo = WoWAWatchApp;
		};
/* End PBXContainerItemProxy section */

/* Begin PBXCopyFilesBuildPhase section */
		92ECF68421C362D9008207B5 /* Embed App Extensions */ = {
			isa = PBXCopyFilesBuildPhase;
			buildActionMask = 2147483647;
			dstPath = "";
			dstSubfolderSpec = 13;
			files = (
				92ECF66E21C362D8008207B5 /* WoWAWatchApp Extension.appex in Embed App Extensions */,
			);
			name = "Embed App Extensions";
			runOnlyForDeploymentPostprocessing = 0;
		};
		92ECF68621C362D9008207B5 /* Embed Watch Content */ = {
			isa = PBXCopyFilesBuildPhase;
			buildActionMask = 2147483647;
			dstPath = "$(CONTENTS_FOLDER_PATH)/Watch";
			dstSubfolderSpec = 16;
			files = (
				92ECF67E21C362D9008207B5 /* WoWAWatchApp.app in Embed Watch Content */,
			);
			name = "Embed Watch Content";
			runOnlyForDeploymentPostprocessing = 0;
		};
/* End PBXCopyFilesBuildPhase section */

/* Begin PBXFileReference section */
		9284BCC121C3670700CAE1B5 /* WelcomeViewController.swift */ = {isa = PBXFileReference; lastKnownFileType = sourcecode.swift; path = WelcomeViewController.swift; sourceTree = "<group>"; };
		9284BCC321C36A3700CAE1B5 /* GetUserData.swift */ = {isa = PBXFileReference; fileEncoding = 4; lastKnownFileType = sourcecode.swift; path = GetUserData.swift; sourceTree = "<group>"; };
		9284BCC521C36A5D00CAE1B5 /* UserTableViewCell.swift */ = {isa = PBXFileReference; fileEncoding = 4; lastKnownFileType = sourcecode.swift; path = UserTableViewCell.swift; sourceTree = "<group>"; };
		9284BCC621C36A5D00CAE1B5 /* InsertNewUser.swift */ = {isa = PBXFileReference; fileEncoding = 4; lastKnownFileType = sourcecode.swift; path = InsertNewUser.swift; sourceTree = "<group>"; };
		9284BCF621C3EFFE00CAE1B5 /* WhackSlot.swift */ = {isa = PBXFileReference; fileEncoding = 4; lastKnownFileType = sourcecode.swift; path = WhackSlot.swift; sourceTree = "<group>"; };
		9284BCF921C3F03F00CAE1B5 /* whack.caf */ = {isa = PBXFileReference; lastKnownFileType = file; path = whack.caf; sourceTree = "<group>"; };
		92E703F121A0D4B1003DEE1F /* WorldofWhackyAnimals.app */ = {isa = PBXFileReference; explicitFileType = wrapper.application; includeInIndex = 0; path = WorldofWhackyAnimals.app; sourceTree = BUILT_PRODUCTS_DIR; };
		92E703F421A0D4B1003DEE1F /* AppDelegate.swift */ = {isa = PBXFileReference; lastKnownFileType = sourcecode.swift; path = AppDelegate.swift; sourceTree = "<group>"; };
		92E703F621A0D4B1003DEE1F /* ViewController.swift */ = {isa = PBXFileReference; lastKnownFileType = sourcecode.swift; path = ViewController.swift; sourceTree = "<group>"; };
		92E703F921A0D4B1003DEE1F /* Base */ = {isa = PBXFileReference; lastKnownFileType = file.storyboard; name = Base; path = Base.lproj/Main.storyboard; sourceTree = "<group>"; };
		92E703FB21A0D4B4003DEE1F /* Assets.xcassets */ = {isa = PBXFileReference; lastKnownFileType = folder.assetcatalog; path = Assets.xcassets; sourceTree = "<group>"; };
		92E703FE21A0D4B4003DEE1F /* Base */ = {isa = PBXFileReference; lastKnownFileType = file.storyboard; name = Base; path = Base.lproj/LaunchScreen.storyboard; sourceTree = "<group>"; };
		92E7040021A0D4B4003DEE1F /* Info.plist */ = {isa = PBXFileReference; lastKnownFileType = text.plist.xml; path = Info.plist; sourceTree = "<group>"; };
		92E7040921A1CD41003DEE1F /* ContinentSelectionViewController.swift */ = {isa = PBXFileReference; lastKnownFileType = sourcecode.swift; path = ContinentSelectionViewController.swift; sourceTree = "<group>"; };
		92E7040B21A1CD5B003DEE1F /* SettingsViewController.swift */ = {isa = PBXFileReference; lastKnownFileType = sourcecode.swift; path = SettingsViewController.swift; sourceTree = "<group>"; };
		92E7040D21A1CD80003DEE1F /* PlayerStatsViewController.swift */ = {isa = PBXFileReference; lastKnownFileType = sourcecode.swift; path = PlayerStatsViewController.swift; sourceTree = "<group>"; };
		92E7041321A1CDD9003DEE1F /* GamesStatisticsViewController.swift */ = {isa = PBXFileReference; lastKnownFileType = sourcecode.swift; path = GamesStatisticsViewController.swift; sourceTree = "<group>"; };
		92E7041521A1CDFA003DEE1F /* ChangePlayerViewController.swift */ = {isa = PBXFileReference; lastKnownFileType = sourcecode.swift; path = ChangePlayerViewController.swift; sourceTree = "<group>"; };
		92E7041721A1D27B003DEE1F /* DirectionsViewController.swift */ = {isa = PBXFileReference; lastKnownFileType = sourcecode.swift; path = DirectionsViewController.swift; sourceTree = "<group>"; };
		92E7041921A1D293003DEE1F /* StoresNearMeViewController.swift */ = {isa = PBXFileReference; lastKnownFileType = sourcecode.swift; path = StoresNearMeViewController.swift; sourceTree = "<group>"; };
		92E7041C21A1D794003DEE1F /* SpriteKit.framework */ = {isa = PBXFileReference; lastKnownFileType = wrapper.framework; name = SpriteKit.framework; path = System/Library/Frameworks/SpriteKit.framework; sourceTree = SDKROOT; };
		92E7041E21A1D985003DEE1F /* GameViewController.swift */ = {isa = PBXFileReference; lastKnownFileType = sourcecode.swift; path = GameViewController.swift; sourceTree = "<group>"; };
		92E7042121A1DC47003DEE1F /* GameScene.swift */ = {isa = PBXFileReference; lastKnownFileType = sourcecode.swift; path = GameScene.swift; sourceTree = "<group>"; };
		92E7042521A1DEB4003DEE1F /* GameScene.sks */ = {isa = PBXFileReference; lastKnownFileType = file.sks; path = GameScene.sks; sourceTree = "<group>"; };
		92E7042721A1DEC8003DEE1F /* Action.sks */ = {isa = PBXFileReference; lastKnownFileType = file.sks; path = Action.sks; sourceTree = "<group>"; };
		92E7042A21A21336003DEE1F /* CoreLocation.framework */ = {isa = PBXFileReference; lastKnownFileType = wrapper.framework; name = CoreLocation.framework; path = System/Library/Frameworks/CoreLocation.framework; sourceTree = SDKROOT; };
		92E7042C21A2133E003DEE1F /* MapKit.framework */ = {isa = PBXFileReference; lastKnownFileType = wrapper.framework; name = MapKit.framework; path = System/Library/Frameworks/MapKit.framework; sourceTree = SDKROOT; };
		92E7053521C2F430003DEE1F /* TopTenPlayerStatTableViewCell.swift */ = {isa = PBXFileReference; lastKnownFileType = sourcecode.swift; path = TopTenPlayerStatTableViewCell.swift; sourceTree = "<group>"; };
		92E7053721C2F4B5003DEE1F /* getData.swift */ = {isa = PBXFileReference; lastKnownFileType = sourcecode.swift; path = getData.swift; sourceTree = "<group>"; };
		92ECF66121C362D5008207B5 /* WoWAWatchApp.app */ = {isa = PBXFileReference; explicitFileType = wrapper.application; includeInIndex = 0; path = WoWAWatchApp.app; sourceTree = BUILT_PRODUCTS_DIR; };
		92ECF66421C362D5008207B5 /* Base */ = {isa = PBXFileReference; lastKnownFileType = file.storyboard; name = Base; path = Base.lproj/Interface.storyboard; sourceTree = "<group>"; };
		92ECF66621C362D8008207B5 /* Assets.xcassets */ = {isa = PBXFileReference; lastKnownFileType = folder.assetcatalog; path = Assets.xcassets; sourceTree = "<group>"; };
		92ECF66821C362D8008207B5 /* Info.plist */ = {isa = PBXFileReference; lastKnownFileType = text.plist.xml; path = Info.plist; sourceTree = "<group>"; };
		92ECF66D21C362D8008207B5 /* WoWAWatchApp Extension.appex */ = {isa = PBXFileReference; explicitFileType = "wrapper.app-extension"; includeInIndex = 0; path = "WoWAWatchApp Extension.appex"; sourceTree = BUILT_PRODUCTS_DIR; };
		92ECF67221C362D8008207B5 /* InterfaceController.swift */ = {isa = PBXFileReference; lastKnownFileType = sourcecode.swift; path = InterfaceController.swift; sourceTree = "<group>"; };
		92ECF67421C362D8008207B5 /* ExtensionDelegate.swift */ = {isa = PBXFileReference; lastKnownFileType = sourcecode.swift; path = ExtensionDelegate.swift; sourceTree = "<group>"; };
		92ECF67621C362D8008207B5 /* NotificationController.swift */ = {isa = PBXFileReference; lastKnownFileType = sourcecode.swift; path = NotificationController.swift; sourceTree = "<group>"; };
		92ECF67821C362D9008207B5 /* Assets.xcassets */ = {isa = PBXFileReference; lastKnownFileType = folder.assetcatalog; path = Assets.xcassets; sourceTree = "<group>"; };
		92ECF67A21C362D9008207B5 /* Info.plist */ = {isa = PBXFileReference; lastKnownFileType = text.plist.xml; path = Info.plist; sourceTree = "<group>"; };
		92ECF67B21C362D9008207B5 /* PushNotificationPayload.apns */ = {isa = PBXFileReference; lastKnownFileType = text; path = PushNotificationPayload.apns; sourceTree = "<group>"; };
/* End PBXFileReference section */

/* Begin PBXFrameworksBuildPhase section */
		92E703EE21A0D4B1003DEE1F /* Frameworks */ = {
			isa = PBXFrameworksBuildPhase;
			buildActionMask = 2147483647;
			files = (
				92E7042D21A2133E003DEE1F /* MapKit.framework in Frameworks */,
				92E7042B21A21336003DEE1F /* CoreLocation.framework in Frameworks */,
				92E7041D21A1D794003DEE1F /* SpriteKit.framework in Frameworks */,
			);
			runOnlyForDeploymentPostprocessing = 0;
		};
		92ECF66A21C362D8008207B5 /* Frameworks */ = {
			isa = PBXFrameworksBuildPhase;
			buildActionMask = 2147483647;
			files = (
			);
			runOnlyForDeploymentPostprocessing = 0;
		};
/* End PBXFrameworksBuildPhase section */

/* Begin PBXGroup section */
		9284BCF821C3F02000CAE1B5 /* Sound FX */ = {
			isa = PBXGroup;
			children = (
				9284BCF921C3F03F00CAE1B5 /* whack.caf */,
			);
			path = "Sound FX";
			sourceTree = "<group>";
		};
		92E703E821A0D4B1003DEE1F = {
			isa = PBXGroup;
			children = (
				92E703F321A0D4B1003DEE1F /* WorldofWhackyAnimals */,
				92ECF66221C362D5008207B5 /* WoWAWatchApp */,
				92ECF67121C362D8008207B5 /* WoWAWatchApp Extension */,
				92E703F221A0D4B1003DEE1F /* Products */,
				92E7041B21A1D794003DEE1F /* Frameworks */,
			);
			sourceTree = "<group>";
		};
		92E703F221A0D4B1003DEE1F /* Products */ = {
			isa = PBXGroup;
			children = (
				92E703F121A0D4B1003DEE1F /* WorldofWhackyAnimals.app */,
				92ECF66121C362D5008207B5 /* WoWAWatchApp.app */,
				92ECF66D21C362D8008207B5 /* WoWAWatchApp Extension.appex */,
			);
			name = Products;
			sourceTree = "<group>";
		};
		92E703F321A0D4B1003DEE1F /* WorldofWhackyAnimals */ = {
			isa = PBXGroup;
			children = (
				9284BCF821C3F02000CAE1B5 /* Sound FX */,
				92E7042021A1DB62003DEE1F /* Scenes */,
				92E7040821A1C5B1003DEE1F /* View Controllers */,
				92E7040721A1C5A2003DEE1F /* Special Classes */,
				92E7040621A1C591003DEE1F /* Storyboards */,
				92E703FB21A0D4B4003DEE1F /* Assets.xcassets */,
				92E7040021A0D4B4003DEE1F /* Info.plist */,
			);
			path = WorldofWhackyAnimals;
			sourceTree = "<group>";
		};
		92E7040621A1C591003DEE1F /* Storyboards */ = {
			isa = PBXGroup;
			children = (
				92E703FD21A0D4B4003DEE1F /* LaunchScreen.storyboard */,
				92E703F821A0D4B1003DEE1F /* Main.storyboard */,
			);
			path = Storyboards;
			sourceTree = "<group>";
		};
		92E7040721A1C5A2003DEE1F /* Special Classes */ = {
			isa = PBXGroup;
			children = (
				9284BCC621C36A5D00CAE1B5 /* InsertNewUser.swift */,
				9284BCC521C36A5D00CAE1B5 /* UserTableViewCell.swift */,
				9284BCC321C36A3700CAE1B5 /* GetUserData.swift */,
				92E703F421A0D4B1003DEE1F /* AppDelegate.swift */,
				92E7053521C2F430003DEE1F /* TopTenPlayerStatTableViewCell.swift */,
				92E7053721C2F4B5003DEE1F /* getData.swift */,
			);
			path = "Special Classes";
			sourceTree = "<group>";
		};
		92E7040821A1C5B1003DEE1F /* View Controllers */ = {
			isa = PBXGroup;
			children = (
				92E703F621A0D4B1003DEE1F /* ViewController.swift */,
				92E7040921A1CD41003DEE1F /* ContinentSelectionViewController.swift */,
				92E7040D21A1CD80003DEE1F /* PlayerStatsViewController.swift */,
				92E7040B21A1CD5B003DEE1F /* SettingsViewController.swift */,
				92E7041921A1D293003DEE1F /* StoresNearMeViewController.swift */,
				92E7041721A1D27B003DEE1F /* DirectionsViewController.swift */,
				92E7041321A1CDD9003DEE1F /* GamesStatisticsViewController.swift */,
				92E7041521A1CDFA003DEE1F /* ChangePlayerViewController.swift */,
				92E7041E21A1D985003DEE1F /* GameViewController.swift */,
				9284BCC121C3670700CAE1B5 /* WelcomeViewController.swift */,
			);
			path = "View Controllers";
			sourceTree = "<group>";
		};
		92E7041B21A1D794003DEE1F /* Frameworks */ = {
			isa = PBXGroup;
			children = (
				92E7042C21A2133E003DEE1F /* MapKit.framework */,
				92E7042A21A21336003DEE1F /* CoreLocation.framework */,
				92E7041C21A1D794003DEE1F /* SpriteKit.framework */,
			);
			name = Frameworks;
			sourceTree = "<group>";
		};
		92E7042021A1DB62003DEE1F /* Scenes */ = {
			isa = PBXGroup;
			children = (
				9284BCF621C3EFFE00CAE1B5 /* WhackSlot.swift */,
				92E7042121A1DC47003DEE1F /* GameScene.swift */,
				92E7042521A1DEB4003DEE1F /* GameScene.sks */,
				92E7042721A1DEC8003DEE1F /* Action.sks */,
			);
			path = Scenes;
			sourceTree = "<group>";
		};
		92ECF66221C362D5008207B5 /* WoWAWatchApp */ = {
			isa = PBXGroup;
			children = (
				92ECF66321C362D5008207B5 /* Interface.storyboard */,
				92ECF66621C362D8008207B5 /* Assets.xcassets */,
				92ECF66821C362D8008207B5 /* Info.plist */,
			);
			path = WoWAWatchApp;
			sourceTree = "<group>";
		};
		92ECF67121C362D8008207B5 /* WoWAWatchApp Extension */ = {
			isa = PBXGroup;
			children = (
				92ECF67221C362D8008207B5 /* InterfaceController.swift */,
				92ECF67421C362D8008207B5 /* ExtensionDelegate.swift */,
				92ECF67621C362D8008207B5 /* NotificationController.swift */,
				92ECF67821C362D9008207B5 /* Assets.xcassets */,
				92ECF67A21C362D9008207B5 /* Info.plist */,
				92ECF67B21C362D9008207B5 /* PushNotificationPayload.apns */,
			);
			path = "WoWAWatchApp Extension";
			sourceTree = "<group>";
		};
/* End PBXGroup section */

/* Begin PBXNativeTarget section */
		92E703F021A0D4B1003DEE1F /* WorldofWhackyAnimals */ = {
			isa = PBXNativeTarget;
			buildConfigurationList = 92E7040321A0D4B4003DEE1F /* Build configuration list for PBXNativeTarget "WorldofWhackyAnimals" */;
			buildPhases = (
				92E703ED21A0D4B1003DEE1F /* Sources */,
				92E703EE21A0D4B1003DEE1F /* Frameworks */,
				92E703EF21A0D4B1003DEE1F /* Resources */,
				92ECF68621C362D9008207B5 /* Embed Watch Content */,
			);
			buildRules = (
			);
			dependencies = (
				92ECF67D21C362D9008207B5 /* PBXTargetDependency */,
			);
			name = WorldofWhackyAnimals;
			productName = WorldofWhackyAnimals;
			productReference = 92E703F121A0D4B1003DEE1F /* WorldofWhackyAnimals.app */;
			productType = "com.apple.product-type.application";
		};
		92ECF66021C362D5008207B5 /* WoWAWatchApp */ = {
			isa = PBXNativeTarget;
			buildConfigurationList = 92ECF68521C362D9008207B5 /* Build configuration list for PBXNativeTarget "WoWAWatchApp" */;
			buildPhases = (
				92ECF65F21C362D5008207B5 /* Resources */,
				92ECF68421C362D9008207B5 /* Embed App Extensions */,
			);
			buildRules = (
			);
			dependencies = (
				92ECF67021C362D8008207B5 /* PBXTargetDependency */,
			);
			name = WoWAWatchApp;
			productName = WoWAWatchApp;
			productReference = 92ECF66121C362D5008207B5 /* WoWAWatchApp.app */;
			productType = "com.apple.product-type.application.watchapp2";
		};
		92ECF66C21C362D8008207B5 /* WoWAWatchApp Extension */ = {
			isa = PBXNativeTarget;
			buildConfigurationList = 92ECF68321C362D9008207B5 /* Build configuration list for PBXNativeTarget "WoWAWatchApp Extension" */;
			buildPhases = (
				92ECF66921C362D8008207B5 /* Sources */,
				92ECF66A21C362D8008207B5 /* Frameworks */,
				92ECF66B21C362D8008207B5 /* Resources */,
			);
			buildRules = (
			);
			dependencies = (
			);
			name = "WoWAWatchApp Extension";
			productName = "WoWAWatchApp Extension";
			productReference = 92ECF66D21C362D8008207B5 /* WoWAWatchApp Extension.appex */;
			productType = "com.apple.product-type.watchkit2-extension";
		};
/* End PBXNativeTarget section */

/* Begin PBXProject section */
		92E703E921A0D4B1003DEE1F /* Project object */ = {
			isa = PBXProject;
			attributes = {
				LastSwiftUpdateCheck = 1010;
				LastUpgradeCheck = 1010;
				ORGANIZATIONNAME = AnthonyRella;
				TargetAttributes = {
					92E703F021A0D4B1003DEE1F = {
						CreatedOnToolsVersion = 10.1;
					};
					92ECF66021C362D5008207B5 = {
						CreatedOnToolsVersion = 10.1;
					};
					92ECF66C21C362D8008207B5 = {
						CreatedOnToolsVersion = 10.1;
					};
				};
			};
			buildConfigurationList = 92E703EC21A0D4B1003DEE1F /* Build configuration list for PBXProject "WorldofWhackyAnimals" */;
			compatibilityVersion = "Xcode 9.3";
			developmentRegion = en;
			hasScannedForEncodings = 0;
			knownRegions = (
				en,
				Base,
			);
			mainGroup = 92E703E821A0D4B1003DEE1F;
			productRefGroup = 92E703F221A0D4B1003DEE1F /* Products */;
			projectDirPath = "";
			projectRoot = "";
			targets = (
				92E703F021A0D4B1003DEE1F /* WorldofWhackyAnimals */,
				92ECF66021C362D5008207B5 /* WoWAWatchApp */,
				92ECF66C21C362D8008207B5 /* WoWAWatchApp Extension */,
			);
		};
/* End PBXProject section */

/* Begin PBXResourcesBuildPhase section */
		92E703EF21A0D4B1003DEE1F /* Resources */ = {
			isa = PBXResourcesBuildPhase;
			buildActionMask = 2147483647;
			files = (
				92E7042621A1DEB4003DEE1F /* GameScene.sks in Resources */,
				92E703FF21A0D4B4003DEE1F /* LaunchScreen.storyboard in Resources */,
				92E703FC21A0D4B4003DEE1F /* Assets.xcassets in Resources */,
				92E703FA21A0D4B1003DEE1F /* Main.storyboard in Resources */,
				92E7042821A1DEC8003DEE1F /* Action.sks in Resources */,
				9284BCFA21C3F03F00CAE1B5 /* whack.caf in Resources */,
			);
			runOnlyForDeploymentPostprocessing = 0;
		};
		92ECF65F21C362D5008207B5 /* Resources */ = {
			isa = PBXResourcesBuildPhase;
			buildActionMask = 2147483647;
			files = (
				92ECF66721C362D8008207B5 /* Assets.xcassets in Resources */,
				92ECF66521C362D5008207B5 /* Interface.storyboard in Resources */,
			);
			runOnlyForDeploymentPostprocessing = 0;
		};
		92ECF66B21C362D8008207B5 /* Resources */ = {
			isa = PBXResourcesBuildPhase;
			buildActionMask = 2147483647;
			files = (
				92ECF67921C362D9008207B5 /* Assets.xcassets in Resources */,
			);
			runOnlyForDeploymentPostprocessing = 0;
		};
/* End PBXResourcesBuildPhase section */

/* Begin PBXSourcesBuildPhase section */
		92E703ED21A0D4B1003DEE1F /* Sources */ = {
			isa = PBXSourcesBuildPhase;
			buildActionMask = 2147483647;
			files = (
				9284BCF721C3EFFE00CAE1B5 /* WhackSlot.swift in Sources */,
				92E7053621C2F430003DEE1F /* TopTenPlayerStatTableViewCell.swift in Sources */,
				92E7053821C2F4B5003DEE1F /* getData.swift in Sources */,
				92E7041F21A1D985003DEE1F /* GameViewController.swift in Sources */,
				92E7040A21A1CD41003DEE1F /* ContinentSelectionViewController.swift in Sources */,
				9284BCC721C36A5D00CAE1B5 /* UserTableViewCell.swift in Sources */,
				92E7040E21A1CD80003DEE1F /* PlayerStatsViewController.swift in Sources */,
				92E703F721A0D4B1003DEE1F /* ViewController.swift in Sources */,
				92E7041421A1CDD9003DEE1F /* GamesStatisticsViewController.swift in Sources */,
				92E7042221A1DC47003DEE1F /* GameScene.swift in Sources */,
				92E703F521A0D4B1003DEE1F /* AppDelegate.swift in Sources */,
				92E7041621A1CDFA003DEE1F /* ChangePlayerViewController.swift in Sources */,
				92E7041821A1D27B003DEE1F /* DirectionsViewController.swift in Sources */,
				9284BCC421C36A3700CAE1B5 /* GetUserData.swift in Sources */,
				92E7040C21A1CD5B003DEE1F /* SettingsViewController.swift in Sources */,
				9284BCC821C36A5D00CAE1B5 /* InsertNewUser.swift in Sources */,
				92E7041A21A1D293003DEE1F /* StoresNearMeViewController.swift in Sources */,
				9284BCC221C3670700CAE1B5 /* WelcomeViewController.swift in Sources */,
			);
			runOnlyForDeploymentPostprocessing = 0;
		};
		92ECF66921C362D8008207B5 /* Sources */ = {
			isa = PBXSourcesBuildPhase;
			buildActionMask = 2147483647;
			files = (
				92ECF67721C362D8008207B5 /* NotificationController.swift in Sources */,
				92ECF67521C362D8008207B5 /* ExtensionDelegate.swift in Sources */,
				92ECF67321C362D8008207B5 /* InterfaceController.swift in Sources */,
			);
			runOnlyForDeploymentPostprocessing = 0;
		};
/* End PBXSourcesBuildPhase section */

/* Begin PBXTargetDependency section */
		92ECF67021C362D8008207B5 /* PBXTargetDependency */ = {
			isa = PBXTargetDependency;
			target = 92ECF66C21C362D8008207B5 /* WoWAWatchApp Extension */;
			targetProxy = 92ECF66F21C362D8008207B5 /* PBXContainerItemProxy */;
		};
		92ECF67D21C362D9008207B5 /* PBXTargetDependency */ = {
			isa = PBXTargetDependency;
			target = 92ECF66021C362D5008207B5 /* WoWAWatchApp */;
			targetProxy = 92ECF67C21C362D9008207B5 /* PBXContainerItemProxy */;
		};
/* End PBXTargetDependency section */

/* Begin PBXVariantGroup section */
		92E703F821A0D4B1003DEE1F /* Main.storyboard */ = {
			isa = PBXVariantGroup;
			children = (
				92E703F921A0D4B1003DEE1F /* Base */,
			);
			name = Main.storyboard;
			sourceTree = "<group>";
		};
		92E703FD21A0D4B4003DEE1F /* LaunchScreen.storyboard */ = {
			isa = PBXVariantGroup;
			children = (
				92E703FE21A0D4B4003DEE1F /* Base */,
			);
			name = LaunchScreen.storyboard;
			sourceTree = "<group>";
		};
		92ECF66321C362D5008207B5 /* Interface.storyboard */ = {
			isa = PBXVariantGroup;
			children = (
				92ECF66421C362D5008207B5 /* Base */,
			);
			name = Interface.storyboard;
			sourceTree = "<group>";
		};
/* End PBXVariantGroup section */

/* Begin XCBuildConfiguration section */
		92E7040121A0D4B4003DEE1F /* Debug */ = {
			isa = XCBuildConfiguration;
			buildSettings = {
				ALWAYS_SEARCH_USER_PATHS = NO;
				CLANG_ANALYZER_NONNULL = YES;
				CLANG_ANALYZER_NUMBER_OBJECT_CONVERSION = YES_AGGRESSIVE;
				CLANG_CXX_LANGUAGE_STANDARD = "gnu++14";
				CLANG_CXX_LIBRARY = "libc++";
				CLANG_ENABLE_MODULES = YES;
				CLANG_ENABLE_OBJC_ARC = YES;
				CLANG_ENABLE_OBJC_WEAK = YES;
				CLANG_WARN_BLOCK_CAPTURE_AUTORELEASING = YES;
				CLANG_WARN_BOOL_CONVERSION = YES;
				CLANG_WARN_COMMA = YES;
				CLANG_WARN_CONSTANT_CONVERSION = YES;
				CLANG_WARN_DEPRECATED_OBJC_IMPLEMENTATIONS = YES;
				CLANG_WARN_DIRECT_OBJC_ISA_USAGE = YES_ERROR;
				CLANG_WARN_DOCUMENTATION_COMMENTS = YES;
				CLANG_WARN_EMPTY_BODY = YES;
				CLANG_WARN_ENUM_CONVERSION = YES;
				CLANG_WARN_INFINITE_RECURSION = YES;
				CLANG_WARN_INT_CONVERSION = YES;
				CLANG_WARN_NON_LITERAL_NULL_CONVERSION = YES;
				CLANG_WARN_OBJC_IMPLICIT_RETAIN_SELF = YES;
				CLANG_WARN_OBJC_LITERAL_CONVERSION = YES;
				CLANG_WARN_OBJC_ROOT_CLASS = YES_ERROR;
				CLANG_WARN_RANGE_LOOP_ANALYSIS = YES;
				CLANG_WARN_STRICT_PROTOTYPES = YES;
				CLANG_WARN_SUSPICIOUS_MOVE = YES;
				CLANG_WARN_UNGUARDED_AVAILABILITY = YES_AGGRESSIVE;
				CLANG_WARN_UNREACHABLE_CODE = YES;
				CLANG_WARN__DUPLICATE_METHOD_MATCH = YES;
				CODE_SIGN_IDENTITY = "iPhone Developer";
				COPY_PHASE_STRIP = NO;
				DEBUG_INFORMATION_FORMAT = dwarf;
				ENABLE_STRICT_OBJC_MSGSEND = YES;
				ENABLE_TESTABILITY = YES;
				GCC_C_LANGUAGE_STANDARD = gnu11;
				GCC_DYNAMIC_NO_PIC = NO;
				GCC_NO_COMMON_BLOCKS = YES;
				GCC_OPTIMIZATION_LEVEL = 0;
				GCC_PREPROCESSOR_DEFINITIONS = (
					"DEBUG=1",
					"$(inherited)",
				);
				GCC_WARN_64_TO_32_BIT_CONVERSION = YES;
				GCC_WARN_ABOUT_RETURN_TYPE = YES_ERROR;
				GCC_WARN_UNDECLARED_SELECTOR = YES;
				GCC_WARN_UNINITIALIZED_AUTOS = YES_AGGRESSIVE;
				GCC_WARN_UNUSED_FUNCTION = YES;
				GCC_WARN_UNUSED_VARIABLE = YES;
				IPHONEOS_DEPLOYMENT_TARGET = 12.1;
				MTL_ENABLE_DEBUG_INFO = INCLUDE_SOURCE;
				MTL_FAST_MATH = YES;
				ONLY_ACTIVE_ARCH = YES;
				SDKROOT = iphoneos;
				SWIFT_ACTIVE_COMPILATION_CONDITIONS = DEBUG;
				SWIFT_OPTIMIZATION_LEVEL = "-Onone";
			};
			name = Debug;
		};
		92E7040221A0D4B4003DEE1F /* Release */ = {
			isa = XCBuildConfiguration;
			buildSettings = {
				ALWAYS_SEARCH_USER_PATHS = NO;
				CLANG_ANALYZER_NONNULL = YES;
				CLANG_ANALYZER_NUMBER_OBJECT_CONVERSION = YES_AGGRESSIVE;
				CLANG_CXX_LANGUAGE_STANDARD = "gnu++14";
				CLANG_CXX_LIBRARY = "libc++";
				CLANG_ENABLE_MODULES = YES;
				CLANG_ENABLE_OBJC_ARC = YES;
				CLANG_ENABLE_OBJC_WEAK = YES;
				CLANG_WARN_BLOCK_CAPTURE_AUTORELEASING = YES;
				CLANG_WARN_BOOL_CONVERSION = YES;
				CLANG_WARN_COMMA = YES;
				CLANG_WARN_CONSTANT_CONVERSION = YES;
				CLANG_WARN_DEPRECATED_OBJC_IMPLEMENTATIONS = YES;
				CLANG_WARN_DIRECT_OBJC_ISA_USAGE = YES_ERROR;
				CLANG_WARN_DOCUMENTATION_COMMENTS = YES;
				CLANG_WARN_EMPTY_BODY = YES;
				CLANG_WARN_ENUM_CONVERSION = YES;
				CLANG_WARN_INFINITE_RECURSION = YES;
				CLANG_WARN_INT_CONVERSION = YES;
				CLANG_WARN_NON_LITERAL_NULL_CONVERSION = YES;
				CLANG_WARN_OBJC_IMPLICIT_RETAIN_SELF = YES;
				CLANG_WARN_OBJC_LITERAL_CONVERSION = YES;
				CLANG_WARN_OBJC_ROOT_CLASS = YES_ERROR;
				CLANG_WARN_RANGE_LOOP_ANALYSIS = YES;
				CLANG_WARN_STRICT_PROTOTYPES = YES;
				CLANG_WARN_SUSPICIOUS_MOVE = YES;
				CLANG_WARN_UNGUARDED_AVAILABILITY = YES_AGGRESSIVE;
				CLANG_WARN_UNREACHABLE_CODE = YES;
				CLANG_WARN__DUPLICATE_METHOD_MATCH = YES;
				CODE_SIGN_IDENTITY = "iPhone Developer";
				COPY_PHASE_STRIP = NO;
				DEBUG_INFORMATION_FORMAT = "dwarf-with-dsym";
				ENABLE_NS_ASSERTIONS = NO;
				ENABLE_STRICT_OBJC_MSGSEND = YES;
				GCC_C_LANGUAGE_STANDARD = gnu11;
				GCC_NO_COMMON_BLOCKS = YES;
				GCC_WARN_64_TO_32_BIT_CONVERSION = YES;
				GCC_WARN_ABOUT_RETURN_TYPE = YES_ERROR;
				GCC_WARN_UNDECLARED_SELECTOR = YES;
				GCC_WARN_UNINITIALIZED_AUTOS = YES_AGGRESSIVE;
				GCC_WARN_UNUSED_FUNCTION = YES;
				GCC_WARN_UNUSED_VARIABLE = YES;
				IPHONEOS_DEPLOYMENT_TARGET = 12.1;
				MTL_ENABLE_DEBUG_INFO = NO;
				MTL_FAST_MATH = YES;
				SDKROOT = iphoneos;
				SWIFT_COMPILATION_MODE = wholemodule;
				SWIFT_OPTIMIZATION_LEVEL = "-O";
				VALIDATE_PRODUCT = YES;
			};
			name = Release;
		};
		92E7040421A0D4B4003DEE1F /* Debug */ = {
			isa = XCBuildConfiguration;
			buildSettings = {
				ASSETCATALOG_COMPILER_APPICON_NAME = AppIcon;
				CODE_SIGN_STYLE = Automatic;
				INFOPLIST_FILE = WorldofWhackyAnimals/Info.plist;
				LD_RUNPATH_SEARCH_PATHS = (
					"$(inherited)",
					"@executable_path/Frameworks",
				);
				PRODUCT_BUNDLE_IDENTIFIER = RADS.WorldofWhackyAnimals;
				PRODUCT_NAME = "$(TARGET_NAME)";
				SWIFT_VERSION = 4.0;
				TARGETED_DEVICE_FAMILY = "1,2";
			};
			name = Debug;
		};
		92E7040521A0D4B4003DEE1F /* Release */ = {
			isa = XCBuildConfiguration;
			buildSettings = {
				ASSETCATALOG_COMPILER_APPICON_NAME = AppIcon;
				CODE_SIGN_STYLE = Automatic;
				INFOPLIST_FILE = WorldofWhackyAnimals/Info.plist;
				LD_RUNPATH_SEARCH_PATHS = (
					"$(inherited)",
					"@executable_path/Frameworks",
				);
				PRODUCT_BUNDLE_IDENTIFIER = RADS.WorldofWhackyAnimals;
				PRODUCT_NAME = "$(TARGET_NAME)";
				SWIFT_VERSION = 4.0;
				TARGETED_DEVICE_FAMILY = "1,2";
			};
			name = Release;
		};
		92ECF67F21C362D9008207B5 /* Debug */ = {
			isa = XCBuildConfiguration;
			buildSettings = {
				ALWAYS_EMBED_SWIFT_STANDARD_LIBRARIES = YES;
				ASSETCATALOG_COMPILER_APPICON_NAME = AppIcon;
				CODE_SIGN_STYLE = Automatic;
				IBSC_MODULE = WoWAWatchApp_Extension;
				INFOPLIST_FILE = WoWAWatchApp/Info.plist;
				PRODUCT_BUNDLE_IDENTIFIER = RADS.WorldofWhackyAnimals.watchkitapp;
				PRODUCT_NAME = "$(TARGET_NAME)";
				SDKROOT = watchos;
				SKIP_INSTALL = YES;
				SWIFT_VERSION = 4.2;
				TARGETED_DEVICE_FAMILY = 4;
				WATCHOS_DEPLOYMENT_TARGET = 5.1;
			};
			name = Debug;
		};
		92ECF68021C362D9008207B5 /* Release */ = {
			isa = XCBuildConfiguration;
			buildSettings = {
				ALWAYS_EMBED_SWIFT_STANDARD_LIBRARIES = YES;
				ASSETCATALOG_COMPILER_APPICON_NAME = AppIcon;
				CODE_SIGN_STYLE = Automatic;
				IBSC_MODULE = WoWAWatchApp_Extension;
				INFOPLIST_FILE = WoWAWatchApp/Info.plist;
				PRODUCT_BUNDLE_IDENTIFIER = RADS.WorldofWhackyAnimals.watchkitapp;
				PRODUCT_NAME = "$(TARGET_NAME)";
				SDKROOT = watchos;
				SKIP_INSTALL = YES;
				SWIFT_VERSION = 4.2;
				TARGETED_DEVICE_FAMILY = 4;
				WATCHOS_DEPLOYMENT_TARGET = 5.1;
			};
			name = Release;
		};
		92ECF68121C362D9008207B5 /* Debug */ = {
			isa = XCBuildConfiguration;
			buildSettings = {
				ASSETCATALOG_COMPILER_COMPLICATION_NAME = Complication;
				CODE_SIGN_STYLE = Automatic;
				INFOPLIST_FILE = "WoWAWatchApp Extension/Info.plist";
				LD_RUNPATH_SEARCH_PATHS = (
					"$(inherited)",
					"@executable_path/Frameworks",
					"@executable_path/../../Frameworks",
				);
				PRODUCT_BUNDLE_IDENTIFIER = RADS.WorldofWhackyAnimals.watchkitapp.watchkitextension;
				PRODUCT_NAME = "${TARGET_NAME}";
				SDKROOT = watchos;
				SKIP_INSTALL = YES;
				SWIFT_VERSION = 4.2;
				TARGETED_DEVICE_FAMILY = 4;
				WATCHOS_DEPLOYMENT_TARGET = 5.1;
			};
			name = Debug;
		};
		92ECF68221C362D9008207B5 /* Release */ = {
			isa = XCBuildConfiguration;
			buildSettings = {
				ASSETCATALOG_COMPILER_COMPLICATION_NAME = Complication;
				CODE_SIGN_STYLE = Automatic;
				INFOPLIST_FILE = "WoWAWatchApp Extension/Info.plist";
				LD_RUNPATH_SEARCH_PATHS = (
					"$(inherited)",
					"@executable_path/Frameworks",
					"@executable_path/../../Frameworks",
				);
				PRODUCT_BUNDLE_IDENTIFIER = RADS.WorldofWhackyAnimals.watchkitapp.watchkitextension;
				PRODUCT_NAME = "${TARGET_NAME}";
				SDKROOT = watchos;
				SKIP_INSTALL = YES;
				SWIFT_VERSION = 4.2;
				TARGETED_DEVICE_FAMILY = 4;
				WATCHOS_DEPLOYMENT_TARGET = 5.1;
			};
			name = Release;
		};
/* End XCBuildConfiguration section */

/* Begin XCConfigurationList section */
		92E703EC21A0D4B1003DEE1F /* Build configuration list for PBXProject "WorldofWhackyAnimals" */ = {
			isa = XCConfigurationList;
			buildConfigurations = (
				92E7040121A0D4B4003DEE1F /* Debug */,
				92E7040221A0D4B4003DEE1F /* Release */,
			);
			defaultConfigurationIsVisible = 0;
			defaultConfigurationName = Release;
		};
		92E7040321A0D4B4003DEE1F /* Build configuration list for PBXNativeTarget "WorldofWhackyAnimals" */ = {
			isa = XCConfigurationList;
			buildConfigurations = (
				92E7040421A0D4B4003DEE1F /* Debug */,
				92E7040521A0D4B4003DEE1F /* Release */,
			);
			defaultConfigurationIsVisible = 0;
			defaultConfigurationName = Release;
		};
		92ECF68321C362D9008207B5 /* Build configuration list for PBXNativeTarget "WoWAWatchApp Extension" */ = {
			isa = XCConfigurationList;
			buildConfigurations = (
				92ECF68121C362D9008207B5 /* Debug */,
				92ECF68221C362D9008207B5 /* Release */,
			);
			defaultConfigurationIsVisible = 0;
			defaultConfigurationName = Release;
		};
		92ECF68521C362D9008207B5 /* Build configuration list for PBXNativeTarget "WoWAWatchApp" */ = {
			isa = XCConfigurationList;
			buildConfigurations = (
				92ECF67F21C362D9008207B5 /* Debug */,
				92ECF68021C362D9008207B5 /* Release */,
			);
			defaultConfigurationIsVisible = 0;
			defaultConfigurationName = Release;
		};
/* End XCConfigurationList section */
	};
	rootObject = 92E703E921A0D4B1003DEE1F /* Project object */;
}
